
Microsoft Visual Studio Solution File, Format Version 12.00
# Visual Studio Version 17
VisualStudioVersion = 17.10.35013.160
MinimumVisualStudioVersion = 10.0.40219.1
Project("{FAE04EC0-301F-11D3-BF4B-00C04F79EFBC}") = "Fibonacci", "Fibonacci.csproj", "{6935494E-C421-4922-A769-5887A3621108}"
EndProject
Global
	GlobalSection(SolutionConfigurationPlatforms) = preSolution
		Debug|Any CPU = Debug|Any CPU
		Release|Any CPU = Release|Any CPU
	EndGlobalSection
	GlobalSection(ProjectConfigurationPlatforms) = postSolution
		{6935494E-C421-4922-A769-5887A3621108}.Debug|Any CPU.ActiveCfg = Debug|Any CPU
		{6935494E-C421-4922-A769-5887A3621108}.Debug|Any CPU.Build.0 = Debug|Any CPU
		{6935494E-C421-4922-A769-5887A3621108}.Release|Any CPU.ActiveCfg = Release|Any CPU
		{6935494E-C421-4922-A769-5887A3621108}.Release|Any CPU.Build.0 = Release|Any CPU
	EndGlobalSection
	GlobalSection(SolutionProperties) = preSolution
		HideSolutionNode = FALSE
	EndGlobalSection
	GlobalSection(ExtensibilityGlobals) = postSolution
		SolutionGuid = {E830050A-21B1-47D9-9C47-594CE62CA08D}
	EndGlobalSection
EndGlobal
